
Microsoft Visual Studio Solution File, Format Version 12.00
# Visual Studio Version 17
VisualStudioVersion = 17.0.31903.59
MinimumVisualStudioVersion = 10.0.40219.1
Project("{9A19103F-16F7-4668-BE54-9A1E7A4F7556}") = "GroceryStore.API", "GroceryStore.API\GroceryStore.API.csproj", "{F9D825F3-2101-4EA0-A500-67DA2A1323EC}"
EndProject
Project("{9A19103F-16F7-4668-BE54-9A1E7A4F7556}") = "GroceryStore.AppHost", "GroceryStore.AppHost\GroceryStore.AppHost.csproj", "{D094F97F-DDC6-4C4C-BAF6-71D483899465}"
EndProject
Project("{9A19103F-16F7-4668-BE54-9A1E7A4F7556}") = "GroceryStore.ServiceDefaults", "GroceryStore.ServiceDefaults\GroceryStore.ServiceDefaults.csproj", "{D1A56632-FA70-402D-A914-08752ECE164F}"
EndProject
Project("{54A90642-561A-4BB1-A94E-469ADEE60C69}") = "GroceryStore.Web", "GroceryStore.Web\GroceryStore.Web.esproj", "{F053F624-A4DF-4278-A697-DB01B65B1A25}"
EndProject
Global
	GlobalSection(SolutionConfigurationPlatforms) = preSolution
		Debug|Any CPU = Debug|Any CPU
		Release|Any CPU = Release|Any CPU
	EndGlobalSection
	GlobalSection(ProjectConfigurationPlatforms) = postSolution
		{F9D825F3-2101-4EA0-A500-67DA2A1323EC}.Debug|Any CPU.ActiveCfg = Debug|Any CPU
		{F9D825F3-2101-4EA0-A500-67DA2A1323EC}.Debug|Any CPU.Build.0 = Debug|Any CPU
		{F9D825F3-2101-4EA0-A500-67DA2A1323EC}.Release|Any CPU.ActiveCfg = Release|Any CPU
		{F9D825F3-2101-4EA0-A500-67DA2A1323EC}.Release|Any CPU.Build.0 = Release|Any CPU
		{D094F97F-DDC6-4C4C-BAF6-71D483899465}.Debug|Any CPU.ActiveCfg = Debug|Any CPU
		{D094F97F-DDC6-4C4C-BAF6-71D483899465}.Debug|Any CPU.Build.0 = Debug|Any CPU
		{D094F97F-DDC6-4C4C-BAF6-71D483899465}.Release|Any CPU.ActiveCfg = Release|Any CPU
		{D094F97F-DDC6-4C4C-BAF6-71D483899465}.Release|Any CPU.Build.0 = Release|Any CPU
		{D1A56632-FA70-402D-A914-08752ECE164F}.Debug|Any CPU.ActiveCfg = Debug|Any CPU
		{D1A56632-FA70-402D-A914-08752ECE164F}.Debug|Any CPU.Build.0 = Debug|Any CPU
		{D1A56632-FA70-402D-A914-08752ECE164F}.Release|Any CPU.ActiveCfg = Release|Any CPU
		{D1A56632-FA70-402D-A914-08752ECE164F}.Release|Any CPU.Build.0 = Release|Any CPU
		{F053F624-A4DF-4278-A697-DB01B65B1A25}.Debug|Any CPU.ActiveCfg = Debug|Any CPU
		{F053F624-A4DF-4278-A697-DB01B65B1A25}.Debug|Any CPU.Build.0 = Debug|Any CPU
		{F053F624-A4DF-4278-A697-DB01B65B1A25}.Debug|Any CPU.Deploy.0 = Debug|Any CPU
		{F053F624-A4DF-4278-A697-DB01B65B1A25}.Release|Any CPU.ActiveCfg = Release|Any CPU
		{F053F624-A4DF-4278-A697-DB01B65B1A25}.Release|Any CPU.Build.0 = Release|Any CPU
		{F053F624-A4DF-4278-A697-DB01B65B1A25}.Release|Any CPU.Deploy.0 = Release|Any CPU
	EndGlobalSection
	GlobalSection(SolutionProperties) = preSolution
		HideSolutionNode = FALSE
	EndGlobalSection
	GlobalSection(ExtensibilityGlobals) = postSolution
		SolutionGuid = {F0993291-1165-4496-8A97-2830B2006D25}
	EndGlobalSection
EndGlobal
